
Microsoft Visual Studio Solution File, Format Version 12.00
# Visual Studio 15
VisualStudioVersion = 15.0.28010.2048
MinimumVisualStudioVersion = 10.0.40219.1
Project("{9A19103F-16F7-4668-BE54-9A1E7A4F7556}") = "SplatoonGameLibrary", "SplatoonGameLibrary\SplatoonGameLibrary.csproj", "{4BD43435-8292-4A2B-A2E5-FE3DAF6056C3}"
EndProject
Project("{FAE04EC0-301F-11D3-BF4B-00C04F79EFBC}") = "ConsoleExample", "ConsoleExample\ConsoleExample.csproj", "{7E78F076-38A8-4F81-9707-EFEC58CC9F4C}"
EndProject
Global
	GlobalSection(SolutionConfigurationPlatforms) = preSolution
		Debug|Any CPU = Debug|Any CPU
		Release|Any CPU = Release|Any CPU
	EndGlobalSection
	GlobalSection(ProjectConfigurationPlatforms) = postSolution
		{4BD43435-8292-4A2B-A2E5-FE3DAF6056C3}.Debug|Any CPU.ActiveCfg = Debug|Any CPU
		{4BD43435-8292-4A2B-A2E5-FE3DAF6056C3}.Debug|Any CPU.Build.0 = Debug|Any CPU
		{4BD43435-8292-4A2B-A2E5-FE3DAF6056C3}.Release|Any CPU.ActiveCfg = Release|Any CPU
		{4BD43435-8292-4A2B-A2E5-FE3DAF6056C3}.Release|Any CPU.Build.0 = Release|Any CPU
		{7E78F076-38A8-4F81-9707-EFEC58CC9F4C}.Debug|Any CPU.ActiveCfg = Debug|Any CPU
		{7E78F076-38A8-4F81-9707-EFEC58CC9F4C}.Debug|Any CPU.Build.0 = Debug|Any CPU
		{7E78F076-38A8-4F81-9707-EFEC58CC9F4C}.Release|Any CPU.ActiveCfg = Release|Any CPU
		{7E78F076-38A8-4F81-9707-EFEC58CC9F4C}.Release|Any CPU.Build.0 = Release|Any CPU
	EndGlobalSection
	GlobalSection(SolutionProperties) = preSolution
		HideSolutionNode = FALSE
	EndGlobalSection
	GlobalSection(ExtensibilityGlobals) = postSolution
		SolutionGuid = {AFE4A87E-2E55-4ED5-87ED-EAD5CC077517}
	EndGlobalSection
EndGlobal
